// !$*UTF8*$!
{
	archiveVersion = 1;
	classes = {
	};
	objectVersion = 46;
	objects = {

/* Begin PBXBuildFile section */
		E30162681AF1BBA100730D27 /* AppDelegate.swift in Sources */ = {isa = PBXBuildFile; fileRef = E30162671AF1BBA100730D27 /* AppDelegate.swift */; };
		E301626F1AF1BBA100730D27 /* Images.xcassets in Resources */ = {isa = PBXBuildFile; fileRef = E301626E1AF1BBA100730D27 /* Images.xcassets */; };
		E301627E1AF1BBA200730D27 /* APDynamicHeaderTableViewControllerTests.swift in Sources */ = {isa = PBXBuildFile; fileRef = E301627D1AF1BBA200730D27 /* APDynamicHeaderTableViewControllerTests.swift */; };
		E30162891AF1BBB000730D27 /* APDynamicHeaderView.swift in Sources */ = {isa = PBXBuildFile; fileRef = E30162871AF1BBB000730D27 /* APDynamicHeaderView.swift */; };
		E301628A1AF1BBB000730D27 /* APDynamicHeaderTableViewController.swift in Sources */ = {isa = PBXBuildFile; fileRef = E30162881AF1BBB000730D27 /* APDynamicHeaderTableViewController.swift */; };
		E301628C1AF1BBB700730D27 /* SampleViewController.swift in Sources */ = {isa = PBXBuildFile; fileRef = E301628B1AF1BBB700730D27 /* SampleViewController.swift */; };
/* End PBXBuildFile section */

/* Begin PBXContainerItemProxy section */
		E30162781AF1BBA200730D27 /* PBXContainerItemProxy */ = {
			isa = PBXContainerItemProxy;
			containerPortal = E301625A1AF1BBA100730D27 /* Project object */;
			proxyType = 1;
			remoteGlobalIDString = E30162611AF1BBA100730D27;
			remoteInfo = APDynamicHeaderTableViewController;
		};
/* End PBXContainerItemProxy section */

/* Begin PBXFileReference section */
		E30162621AF1BBA100730D27 /* APDynamicHeaderTableViewController.app */ = {isa = PBXFileReference; explicitFileType = wrapper.application; includeInIndex = 0; path = APDynamicHeaderTableViewController.app; sourceTree = BUILT_PRODUCTS_DIR; };
		E30162661AF1BBA100730D27 /* Info.plist */ = {isa = PBXFileReference; lastKnownFileType = text.plist.xml; path = Info.plist; sourceTree = "<group>"; };
		E30162671AF1BBA100730D27 /* AppDelegate.swift */ = {isa = PBXFileReference; lastKnownFileType = sourcecode.swift; name = AppDelegate.swift; path = APDynamicHeaderTableViewController/AppDelegate.swift; sourceTree = "<group>"; };
		E301626E1AF1BBA100730D27 /* Images.xcassets */ = {isa = PBXFileReference; lastKnownFileType = folder.assetcatalog; path = Images.xcassets; sourceTree = "<group>"; };
		E30162771AF1BBA200730D27 /* APDynamicHeaderTableViewControllerTests.xctest */ = {isa = PBXFileReference; explicitFileType = wrapper.cfbundle; includeInIndex = 0; path = APDynamicHeaderTableViewControllerTests.xctest; sourceTree = BUILT_PRODUCTS_DIR; };
		E301627C1AF1BBA200730D27 /* Info.plist */ = {isa = PBXFileReference; lastKnownFileType = text.plist.xml; path = Info.plist; sourceTree = "<group>"; };
		E301627D1AF1BBA200730D27 /* APDynamicHeaderTableViewControllerTests.swift */ = {isa = PBXFileReference; lastKnownFileType = sourcecode.swift; path = APDynamicHeaderTableViewControllerTests.swift; sourceTree = "<group>"; };
		E30162871AF1BBB000730D27 /* APDynamicHeaderView.swift */ = {isa = PBXFileReference; fileEncoding = 4; lastKnownFileType = sourcecode.swift; path = APDynamicHeaderView.swift; sourceTree = "<group>"; };
		E30162881AF1BBB000730D27 /* APDynamicHeaderTableViewController.swift */ = {isa = PBXFileReference; fileEncoding = 4; lastKnownFileType = sourcecode.swift; path = APDynamicHeaderTableViewController.swift; sourceTree = "<group>"; };
		E301628B1AF1BBB700730D27 /* SampleViewController.swift */ = {isa = PBXFileReference; fileEncoding = 4; lastKnownFileType = sourcecode.swift; name = SampleViewController.swift; path = APDynamicHeaderTableViewController/SampleViewController.swift; sourceTree = "<group>"; };
/* End PBXFileReference section */

/* Begin PBXFrameworksBuildPhase section */
		E301625F1AF1BBA100730D27 /* Frameworks */ = {
			isa = PBXFrameworksBuildPhase;
			buildActionMask = 2147483647;
			files = (
			);
			runOnlyForDeploymentPostprocessing = 0;
		};
		E30162741AF1BBA200730D27 /* Frameworks */ = {
			isa = PBXFrameworksBuildPhase;
			buildActionMask = 2147483647;
			files = (
			);
			runOnlyForDeploymentPostprocessing = 0;
		};
/* End PBXFrameworksBuildPhase section */

/* Begin PBXGroup section */
		E30162591AF1BBA100730D27 = {
			isa = PBXGroup;
			children = (
				E301628B1AF1BBB700730D27 /* SampleViewController.swift */,
				E30162671AF1BBA100730D27 /* AppDelegate.swift */,
				E30162641AF1BBA100730D27 /* APDynamicHeaderTableViewController */,
				E301627A1AF1BBA200730D27 /* APDynamicHeaderTableViewControllerTests */,
				E30162631AF1BBA100730D27 /* Products */,
			);
			sourceTree = "<group>";
		};
		E30162631AF1BBA100730D27 /* Products */ = {
			isa = PBXGroup;
			children = (
				E30162621AF1BBA100730D27 /* APDynamicHeaderTableViewController.app */,
				E30162771AF1BBA200730D27 /* APDynamicHeaderTableViewControllerTests.xctest */,
			);
			name = Products;
			sourceTree = "<group>";
		};
		E30162641AF1BBA100730D27 /* APDynamicHeaderTableViewController */ = {
			isa = PBXGroup;
			children = (
				E30162871AF1BBB000730D27 /* APDynamicHeaderView.swift */,
				E30162881AF1BBB000730D27 /* APDynamicHeaderTableViewController.swift */,
				E301626E1AF1BBA100730D27 /* Images.xcassets */,
				E30162651AF1BBA100730D27 /* Supporting Files */,
			);
			path = APDynamicHeaderTableViewController;
			sourceTree = "<group>";
		};
		E30162651AF1BBA100730D27 /* Supporting Files */ = {
			isa = PBXGroup;
			children = (
				E30162661AF1BBA100730D27 /* Info.plist */,
			);
			name = "Supporting Files";
			sourceTree = "<group>";
		};
		E301627A1AF1BBA200730D27 /* APDynamicHeaderTableViewControllerTests */ = {
			isa = PBXGroup;
			children = (
				E301627D1AF1BBA200730D27 /* APDynamicHeaderTableViewControllerTests.swift */,
				E301627B1AF1BBA200730D27 /* Supporting Files */,
			);
			path = APDynamicHeaderTableViewControllerTests;
			sourceTree = "<group>";
		};
		E301627B1AF1BBA200730D27 /* Supporting Files */ = {
			isa = PBXGroup;
			children = (
				E301627C1AF1BBA200730D27 /* Info.plist */,
			);
			name = "Supporting Files";
			sourceTree = "<group>";
		};
/* End PBXGroup section */

/* Begin PBXNativeTarget section */
		E30162611AF1BBA100730D27 /* APDynamicHeaderTableViewController */ = {
			isa = PBXNativeTarget;
			buildConfigurationList = E30162811AF1BBA200730D27 /* Build configuration list for PBXNativeTarget "APDynamicHeaderTableViewController" */;
			buildPhases = (
				E301625E1AF1BBA100730D27 /* Sources */,
				E301625F1AF1BBA100730D27 /* Frameworks */,
				E30162601AF1BBA100730D27 /* Resources */,
			);
			buildRules = (
			);
			dependencies = (
			);
			name = APDynamicHeaderTableViewController;
			productName = APDynamicHeaderTableViewController;
			productReference = E30162621AF1BBA100730D27 /* APDynamicHeaderTableViewController.app */;
			productType = "com.apple.product-type.application";
		};
		E30162761AF1BBA200730D27 /* APDynamicHeaderTableViewControllerTests */ = {
			isa = PBXNativeTarget;
			buildConfigurationList = E30162841AF1BBA200730D27 /* Build configuration list for PBXNativeTarget "APDynamicHeaderTableViewControllerTests" */;
			buildPhases = (
				E30162731AF1BBA200730D27 /* Sources */,
				E30162741AF1BBA200730D27 /* Frameworks */,
				E30162751AF1BBA200730D27 /* Resources */,
			);
			buildRules = (
			);
			dependencies = (
				E30162791AF1BBA200730D27 /* PBXTargetDependency */,
			);
			name = APDynamicHeaderTableViewControllerTests;
			productName = APDynamicHeaderTableViewControllerTests;
			productReference = E30162771AF1BBA200730D27 /* APDynamicHeaderTableViewControllerTests.xctest */;
			productType = "com.apple.product-type.bundle.unit-test";
		};
/* End PBXNativeTarget section */

/* Begin PBXProject section */
		E301625A1AF1BBA100730D27 /* Project object */ = {
			isa = PBXProject;
			attributes = {
				LastUpgradeCheck = 0630;
				ORGANIZATIONNAME = "Aaron Pang";
				TargetAttributes = {
					E30162611AF1BBA100730D27 = {
						CreatedOnToolsVersion = 6.3;
					};
					E30162761AF1BBA200730D27 = {
						CreatedOnToolsVersion = 6.3;
						TestTargetID = E30162611AF1BBA100730D27;
					};
				};
			};
			buildConfigurationList = E301625D1AF1BBA100730D27 /* Build configuration list for PBXProject "APDynamicHeaderTableViewController" */;
			compatibilityVersion = "Xcode 3.2";
			developmentRegion = English;
			hasScannedForEncodings = 0;
			knownRegions = (
				en,
				Base,
			);
			mainGroup = E30162591AF1BBA100730D27;
			productRefGroup = E30162631AF1BBA100730D27 /* Products */;
			projectDirPath = "";
			projectRoot = "";
			targets = (
				E30162611AF1BBA100730D27 /* APDynamicHeaderTableViewController */,
				E30162761AF1BBA200730D27 /* APDynamicHeaderTableViewControllerTests */,
			);
		};
/* End PBXProject section */

/* Begin PBXResourcesBuildPhase section */
		E30162601AF1BBA100730D27 /* Resources */ = {
			isa = PBXResourcesBuildPhase;
			buildActionMask = 2147483647;
			files = (
				E301626F1AF1BBA100730D27 /* Images.xcassets in Resources */,
			);
			runOnlyForDeploymentPostprocessing = 0;
		};
		E30162751AF1BBA200730D27 /* Resources */ = {
			isa = PBXResourcesBuildPhase;
			buildActionMask = 2147483647;
			files = (
			);
			runOnlyForDeploymentPostprocessing = 0;
		};
/* End PBXResourcesBuildPhase section */

/* Begin PBXSourcesBuildPhase section */
		E301625E1AF1BBA100730D27 /* Sources */ = {
			isa = PBXSourcesBuildPhase;
			buildActionMask = 2147483647;
			files = (
				E301628C1AF1BBB700730D27 /* SampleViewController.swift in Sources */,
				E30162891AF1BBB000730D27 /* APDynamicHeaderView.swift in Sources */,
				E30162681AF1BBA100730D27 /* AppDelegate.swift in Sources */,
				E301628A1AF1BBB000730D27 /* APDynamicHeaderTableViewController.swift in Sources */,
			);
			runOnlyForDeploymentPostprocessing = 0;
		};
		E30162731AF1BBA200730D27 /* Sources */ = {
			isa = PBXSourcesBuildPhase;
			buildActionMask = 2147483647;
			files = (
				E301627E1AF1BBA200730D27 /* APDynamicHeaderTableViewControllerTests.swift in Sources */,
			);
			runOnlyForDeploymentPostprocessing = 0;
		};
/* End PBXSourcesBuildPhase section */

/* Begin PBXTargetDependency section */
		E30162791AF1BBA200730D27 /* PBXTargetDependency */ = {
			isa = PBXTargetDependency;
			target = E30162611AF1BBA100730D27 /* APDynamicHeaderTableViewController */;
			targetProxy = E30162781AF1BBA200730D27 /* PBXContainerItemProxy */;
		};
/* End PBXTargetDependency section */

/* Begin XCBuildConfiguration section */
		E301627F1AF1BBA200730D27 /* Debug */ = {
			isa = XCBuildConfiguration;
			buildSettings = {
				ALWAYS_SEARCH_USER_PATHS = NO;
				CLANG_CXX_LANGUAGE_STANDARD = "gnu++0x";
				CLANG_CXX_LIBRARY = "libc++";
				CLANG_ENABLE_MODULES = YES;
				CLANG_ENABLE_OBJC_ARC = YES;
				CLANG_WARN_BOOL_CONVERSION = YES;
				CLANG_WARN_CONSTANT_CONVERSION = YES;
				CLANG_WARN_DIRECT_OBJC_ISA_USAGE = YES_ERROR;
				CLANG_WARN_EMPTY_BODY = YES;
				CLANG_WARN_ENUM_CONVERSION = YES;
				CLANG_WARN_INT_CONVERSION = YES;
				CLANG_WARN_OBJC_ROOT_CLASS = YES_ERROR;
				CLANG_WARN_UNREACHABLE_CODE = YES;
				CLANG_WARN__DUPLICATE_METHOD_MATCH = YES;
				"CODE_SIGN_IDENTITY[sdk=iphoneos*]" = "iPhone Developer";
				COPY_PHASE_STRIP = NO;
				DEBUG_INFORMATION_FORMAT = "dwarf-with-dsym";
				ENABLE_STRICT_OBJC_MSGSEND = YES;
				GCC_C_LANGUAGE_STANDARD = gnu99;
				GCC_DYNAMIC_NO_PIC = NO;
				GCC_NO_COMMON_BLOCKS = YES;
				GCC_OPTIMIZATION_LEVEL = 0;
				GCC_PREPROCESSOR_DEFINITIONS = (
					"DEBUG=1",
					"$(inherited)",
				);
				GCC_SYMBOLS_PRIVATE_EXTERN = NO;
				GCC_WARN_64_TO_32_BIT_CONVERSION = YES;
				GCC_WARN_ABOUT_RETURN_TYPE = YES_ERROR;
				GCC_WARN_UNDECLARED_SELECTOR = YES;
				GCC_WARN_UNINITIALIZED_AUTOS = YES_AGGRESSIVE;
				GCC_WARN_UNUSED_FUNCTION = YES;
				GCC_WARN_UNUSED_VARIABLE = YES;
				IPHONEOS_DEPLOYMENT_TARGET = 8.0;
				MTL_ENABLE_DEBUG_INFO = YES;
				ONLY_ACTIVE_ARCH = YES;
				SDKROOT = iphoneos;
				SWIFT_OPTIMIZATION_LEVEL = "-Onone";
				TARGETED_DEVICE_FAMILY = "1,2";
			};
			name = Debug;
		};
		E30162801AF1BBA200730D27 /* Release */ = {
			isa = XCBuildConfiguration;
			buildSettings = {
				ALWAYS_SEARCH_USER_PATHS = NO;
				CLANG_CXX_LANGUAGE_STANDARD = "gnu++0x";
				CLANG_CXX_LIBRARY = "libc++";
				CLANG_ENABLE_MODULES = YES;
				CLANG_ENABLE_OBJC_ARC = YES;
				CLANG_WARN_BOOL_CONVERSION = YES;
				CLANG_WARN_CONSTANT_CONVERSION = YES;
				CLANG_WARN_DIRECT_OBJC_ISA_USAGE = YES_ERROR;
				CLANG_WARN_EMPTY_BODY = YES;
				CLANG_WARN_ENUM_CONVERSION = YES;
				CLANG_WARN_INT_CONVERSION = YES;
				CLANG_WARN_OBJC_ROOT_CLASS = YES_ERROR;
				CLANG_WARN_UNREACHABLE_CODE = YES;
				CLANG_WARN__DUPLICATE_METHOD_MATCH = YES;
				"CODE_SIGN_IDENTITY[sdk=iphoneos*]" = "iPhone Developer";
				COPY_PHASE_STRIP = NO;
				DEBUG_INFORMATION_FORMAT = "dwarf-with-dsym";
				ENABLE_NS_ASSERTIONS = NO;
				ENABLE_STRICT_OBJC_MSGSEND = YES;
				GCC_C_LANGUAGE_STANDARD = gnu99;
				GCC_NO_COMMON_BLOCKS = YES;
				GCC_WARN_64_TO_32_BIT_CONVERSION = YES;
				GCC_WARN_ABOUT_RETURN_TYPE = YES_ERROR;
				GCC_WARN_UNDECLARED_SELECTOR = YES;
				GCC_WARN_UNINITIALIZED_AUTOS = YES_AGGRESSIVE;
				GCC_WARN_UNUSED_FUNCTION = YES;
				GCC_WARN_UNUSED_VARIABLE = YES;
				IPHONEOS_DEPLOYMENT_TARGET = 8.0;
				MTL_ENABLE_DEBUG_INFO = NO;
				SDKROOT = iphoneos;
				TARGETED_DEVICE_FAMILY = "1,2";
				VALIDATE_PRODUCT = YES;
			};
			name = Release;
		};
		E30162821AF1BBA200730D27 /* Debug */ = {
			isa = XCBuildConfiguration;
			buildSettings = {
				ASSETCATALOG_COMPILER_APPICON_NAME = AppIcon;
				ASSETCATALOG_COMPILER_LAUNCHIMAGE_NAME = LaunchImage;
				INFOPLIST_FILE = APDynamicHeaderTableViewController/Info.plist;
				IPHONEOS_DEPLOYMENT_TARGET = 8.0;
				LD_RUNPATH_SEARCH_PATHS = "$(inherited) @executable_path/Frameworks";
				PRODUCT_NAME = "$(TARGET_NAME)";
			};
			name = Debug;
		};
		E30162831AF1BBA200730D27 /* Release */ = {
			isa = XCBuildConfiguration;
			buildSettings = {
				ASSETCATALOG_COMPILER_APPICON_NAME = AppIcon;
				ASSETCATALOG_COMPILER_LAUNCHIMAGE_NAME = LaunchImage;
				INFOPLIST_FILE = APDynamicHeaderTableViewController/Info.plist;
				IPHONEOS_DEPLOYMENT_TARGET = 8.0;
				LD_RUNPATH_SEARCH_PATHS = "$(inherited) @executable_path/Frameworks";
				PRODUCT_NAME = "$(TARGET_NAME)";
			};
			name = Release;
		};
		E30162851AF1BBA200730D27 /* Debug */ = {
			isa = XCBuildConfiguration;
			buildSettings = {
				BUNDLE_LOADER = "$(TEST_HOST)";
				FRAMEWORK_SEARCH_PATHS = (
					"$(SDKROOT)/Developer/Library/Frameworks",
					"$(inherited)",
				);
				GCC_PREPROCESSOR_DEFINITIONS = (
					"DEBUG=1",
					"$(inherited)",
				);
				INFOPLIST_FILE = APDynamicHeaderTableViewControllerTests/Info.plist;
				LD_RUNPATH_SEARCH_PATHS = "$(inherited) @executable_path/Frameworks @loader_path/Frameworks";
				PRODUCT_NAME = "$(TARGET_NAME)";
				TEST_HOST = "$(BUILT_PRODUCTS_DIR)/APDynamicHeaderTableViewController.app/APDynamicHeaderTableViewController";
			};
			name = Debug;
		};
		E30162861AF1BBA200730D27 /* Release */ = {
			isa = XCBuildConfiguration;
			buildSettings = {
				BUNDLE_LOADER = "$(TEST_HOST)";
				FRAMEWORK_SEARCH_PATHS = (
					"$(SDKROOT)/Developer/Library/Frameworks",
					"$(inherited)",
				);
				INFOPLIST_FILE = APDynamicHeaderTableViewControllerTests/Info.plist;
				LD_RUNPATH_SEARCH_PATHS = "$(inherited) @executable_path/Frameworks @loader_path/Frameworks";
				PRODUCT_NAME = "$(TARGET_NAME)";
				TEST_HOST = "$(BUILT_PRODUCTS_DIR)/APDynamicHeaderTableViewController.app/APDynamicHeaderTableViewController";
			};
			name = Release;
		};
/* End XCBuildConfiguration section */

/* Begin XCConfigurationList section */
		E301625D1AF1BBA100730D27 /* Build configuration list for PBXProject "APDynamicHeaderTableViewController" */ = {
			isa = XCConfigurationList;
			buildConfigurations = (
				E301627F1AF1BBA200730D27 /* Debug */,
				E30162801AF1BBA200730D27 /* Release */,
			);
			defaultConfigurationIsVisible = 0;
			defaultConfigurationName = Release;
		};
		E30162811AF1BBA200730D27 /* Build configuration list for PBXNativeTarget "APDynamicHeaderTableViewController" */ = {
			isa = XCConfigurationList;
			buildConfigurations = (
				E30162821AF1BBA200730D27 /* Debug */,
				E30162831AF1BBA200730D27 /* Release */,
			);
			defaultConfigurationIsVisible = 0;
			defaultConfigurationName = Release;
		};
		E30162841AF1BBA200730D27 /* Build configuration list for PBXNativeTarget "APDynamicHeaderTableViewControllerTests" */ = {
			isa = XCConfigurationList;
			buildConfigurations = (
				E30162851AF1BBA200730D27 /* Debug */,
				E30162861AF1BBA200730D27 /* Release */,
			);
			defaultConfigurationIsVisible = 0;
			defaultConfigurationName = Release;
		};
/* End XCConfigurationList section */
	};
	rootObject = E301625A1AF1BBA100730D27 /* Project object */;
}
